
Microsoft Visual Studio Solution File, Format Version 12.00
# Visual Studio Version 16
VisualStudioVersion = 16.0.31402.337
MinimumVisualStudioVersion = 10.0.40219.1
Project("{9A19103F-16F7-4668-BE54-9A1E7A4F7556}") = "Homework", "Homework\Homework.csproj", "{03D15015-3A10-487A-8B26-5BF9E13CBC97}"
EndProject
Project("{9A19103F-16F7-4668-BE54-9A1E7A4F7556}") = "UniqueRandom", "UniqueRandom\UniqueRandom.csproj", "{869F11A8-FCCB-4B08-B2C8-572A3706341F}"
EndProject
Project("{9A19103F-16F7-4668-BE54-9A1E7A4F7556}") = "twoDimentional", "twoDimentional\twoDimentional.csproj", "{13B83923-9BA8-4113-8D10-D275C0E0B86A}"
EndProject
Project("{9A19103F-16F7-4668-BE54-9A1E7A4F7556}") = "TwoDimentionalUnique", "TwoDimentionalUnique\TwoDimentionalUnique.csproj", "{5E5904B7-9A75-4EE6-A188-246DF80AF007}"
EndProject
Global
	GlobalSection(SolutionConfigurationPlatforms) = preSolution
		Debug|Any CPU = Debug|Any CPU
		Release|Any CPU = Release|Any CPU
	EndGlobalSection
	GlobalSection(ProjectConfigurationPlatforms) = postSolution
		{03D15015-3A10-487A-8B26-5BF9E13CBC97}.Debug|Any CPU.ActiveCfg = Debug|Any CPU
		{03D15015-3A10-487A-8B26-5BF9E13CBC97}.Debug|Any CPU.Build.0 = Debug|Any CPU
		{03D15015-3A10-487A-8B26-5BF9E13CBC97}.Release|Any CPU.ActiveCfg = Release|Any CPU
		{03D15015-3A10-487A-8B26-5BF9E13CBC97}.Release|Any CPU.Build.0 = Release|Any CPU
		{869F11A8-FCCB-4B08-B2C8-572A3706341F}.Debug|Any CPU.ActiveCfg = Debug|Any CPU
		{869F11A8-FCCB-4B08-B2C8-572A3706341F}.Debug|Any CPU.Build.0 = Debug|Any CPU
		{869F11A8-FCCB-4B08-B2C8-572A3706341F}.Release|Any CPU.ActiveCfg = Release|Any CPU
		{869F11A8-FCCB-4B08-B2C8-572A3706341F}.Release|Any CPU.Build.0 = Release|Any CPU
		{13B83923-9BA8-4113-8D10-D275C0E0B86A}.Debug|Any CPU.ActiveCfg = Debug|Any CPU
		{13B83923-9BA8-4113-8D10-D275C0E0B86A}.Debug|Any CPU.Build.0 = Debug|Any CPU
		{13B83923-9BA8-4113-8D10-D275C0E0B86A}.Release|Any CPU.ActiveCfg = Release|Any CPU
		{13B83923-9BA8-4113-8D10-D275C0E0B86A}.Release|Any CPU.Build.0 = Release|Any CPU
		{5E5904B7-9A75-4EE6-A188-246DF80AF007}.Debug|Any CPU.ActiveCfg = Debug|Any CPU
		{5E5904B7-9A75-4EE6-A188-246DF80AF007}.Debug|Any CPU.Build.0 = Debug|Any CPU
		{5E5904B7-9A75-4EE6-A188-246DF80AF007}.Release|Any CPU.ActiveCfg = Release|Any CPU
		{5E5904B7-9A75-4EE6-A188-246DF80AF007}.Release|Any CPU.Build.0 = Release|Any CPU
	EndGlobalSection
	GlobalSection(SolutionProperties) = preSolution
		HideSolutionNode = FALSE
	EndGlobalSection
	GlobalSection(ExtensibilityGlobals) = postSolution
		SolutionGuid = {E93D84A8-94B6-43DA-951A-588552E2837D}
	EndGlobalSection
EndGlobal
